
Microsoft Visual Studio Solution File, Format Version 12.00
# Visual Studio 15
VisualStudioVersion = 15.0.28307.168
MinimumVisualStudioVersion = 10.0.40219.1
Project("{FAE04EC0-301F-11D3-BF4B-00C04F79EFBC}") = "MatrixLib", "MatrixLib\MatrixLib.csproj", "{12DE7549-F146-4AAF-85CD-E51B9AB315FC}"
EndProject
Project("{FAE04EC0-301F-11D3-BF4B-00C04F79EFBC}") = "MatrixClient", "MatrixClient\MatrixClient.csproj", "{2472FD6D-BEE3-408B-AB56-52D0E4298162}"
EndProject
Global
	GlobalSection(SolutionConfigurationPlatforms) = preSolution
		Debug|Any CPU = Debug|Any CPU
		Release|Any CPU = Release|Any CPU
	EndGlobalSection
	GlobalSection(ProjectConfigurationPlatforms) = postSolution
		{12DE7549-F146-4AAF-85CD-E51B9AB315FC}.Debug|Any CPU.ActiveCfg = Debug|Any CPU
		{12DE7549-F146-4AAF-85CD-E51B9AB315FC}.Debug|Any CPU.Build.0 = Debug|Any CPU
		{12DE7549-F146-4AAF-85CD-E51B9AB315FC}.Release|Any CPU.ActiveCfg = Release|Any CPU
		{12DE7549-F146-4AAF-85CD-E51B9AB315FC}.Release|Any CPU.Build.0 = Release|Any CPU
		{2472FD6D-BEE3-408B-AB56-52D0E4298162}.Debug|Any CPU.ActiveCfg = Debug|Any CPU
		{2472FD6D-BEE3-408B-AB56-52D0E4298162}.Debug|Any CPU.Build.0 = Debug|Any CPU
		{2472FD6D-BEE3-408B-AB56-52D0E4298162}.Release|Any CPU.ActiveCfg = Release|Any CPU
		{2472FD6D-BEE3-408B-AB56-52D0E4298162}.Release|Any CPU.Build.0 = Release|Any CPU
	EndGlobalSection
	GlobalSection(SolutionProperties) = preSolution
		HideSolutionNode = FALSE
	EndGlobalSection
	GlobalSection(ExtensibilityGlobals) = postSolution
		SolutionGuid = {05AEDA6A-282F-4AEE-9A05-95ECFF452DA6}
	EndGlobalSection
EndGlobal
